
Microsoft Visual Studio Solution File, Format Version 12.00
# Visual Studio Version 16
VisualStudioVersion = 16.0.31410.357
MinimumVisualStudioVersion = 10.0.40219.1
Project("{8BC9CEB8-8B4A-11D0-8D11-00A0C91BC942}") = "백준8393", "백준8393\백준8393.vcxproj", "{2D347DD5-AEEB-4C23-BF26-75BB0718306F}"
EndProject
Global
	GlobalSection(SolutionConfigurationPlatforms) = preSolution
		Debug|x64 = Debug|x64
		Debug|x86 = Debug|x86
		Release|x64 = Release|x64
		Release|x86 = Release|x86
	EndGlobalSection
	GlobalSection(ProjectConfigurationPlatforms) = postSolution
		{2D347DD5-AEEB-4C23-BF26-75BB0718306F}.Debug|x64.ActiveCfg = Debug|x64
		{2D347DD5-AEEB-4C23-BF26-75BB0718306F}.Debug|x64.Build.0 = Debug|x64
		{2D347DD5-AEEB-4C23-BF26-75BB0718306F}.Debug|x86.ActiveCfg = Debug|Win32
		{2D347DD5-AEEB-4C23-BF26-75BB0718306F}.Debug|x86.Build.0 = Debug|Win32
		{2D347DD5-AEEB-4C23-BF26-75BB0718306F}.Release|x64.ActiveCfg = Release|x64
		{2D347DD5-AEEB-4C23-BF26-75BB0718306F}.Release|x64.Build.0 = Release|x64
		{2D347DD5-AEEB-4C23-BF26-75BB0718306F}.Release|x86.ActiveCfg = Release|Win32
		{2D347DD5-AEEB-4C23-BF26-75BB0718306F}.Release|x86.Build.0 = Release|Win32
	EndGlobalSection
	GlobalSection(SolutionProperties) = preSolution
		HideSolutionNode = FALSE
	EndGlobalSection
	GlobalSection(ExtensibilityGlobals) = postSolution
		SolutionGuid = {AE8D07F1-61D8-43FB-A5AB-3C666B50357E}
	EndGlobalSection
EndGlobal
