
Microsoft Visual Studio Solution File, Format Version 12.00
# Visual Studio Version 16
VisualStudioVersion = 16.0.31410.357
MinimumVisualStudioVersion = 10.0.40219.1
Project("{8BC9CEB8-8B4A-11D0-8D11-00A0C91BC942}") = "백준2577C", "백준2577C\백준2577C.vcxproj", "{1BBBA16F-D784-411D-96CC-3B5F45682C7B}"
EndProject
Global
	GlobalSection(SolutionConfigurationPlatforms) = preSolution
		Debug|x64 = Debug|x64
		Debug|x86 = Debug|x86
		Release|x64 = Release|x64
		Release|x86 = Release|x86
	EndGlobalSection
	GlobalSection(ProjectConfigurationPlatforms) = postSolution
		{1BBBA16F-D784-411D-96CC-3B5F45682C7B}.Debug|x64.ActiveCfg = Debug|x64
		{1BBBA16F-D784-411D-96CC-3B5F45682C7B}.Debug|x64.Build.0 = Debug|x64
		{1BBBA16F-D784-411D-96CC-3B5F45682C7B}.Debug|x86.ActiveCfg = Debug|Win32
		{1BBBA16F-D784-411D-96CC-3B5F45682C7B}.Debug|x86.Build.0 = Debug|Win32
		{1BBBA16F-D784-411D-96CC-3B5F45682C7B}.Release|x64.ActiveCfg = Release|x64
		{1BBBA16F-D784-411D-96CC-3B5F45682C7B}.Release|x64.Build.0 = Release|x64
		{1BBBA16F-D784-411D-96CC-3B5F45682C7B}.Release|x86.ActiveCfg = Release|Win32
		{1BBBA16F-D784-411D-96CC-3B5F45682C7B}.Release|x86.Build.0 = Release|Win32
	EndGlobalSection
	GlobalSection(SolutionProperties) = preSolution
		HideSolutionNode = FALSE
	EndGlobalSection
	GlobalSection(ExtensibilityGlobals) = postSolution
		SolutionGuid = {7A907A22-93CB-4F55-87BD-75B7196C10AD}
	EndGlobalSection
EndGlobal
