
Microsoft Visual Studio Solution File, Format Version 12.00
# Visual Studio Version 16
VisualStudioVersion = 16.0.31424.327
MinimumVisualStudioVersion = 10.0.40219.1
Project("{8BC9CEB8-8B4A-11D0-8D11-00A0C91BC942}") = "백준8958C", "백준8958C\백준8958C.vcxproj", "{0881E8A2-D4C1-43A0-B991-1E975CD1B6BF}"
EndProject
Global
	GlobalSection(SolutionConfigurationPlatforms) = preSolution
		Debug|x64 = Debug|x64
		Debug|x86 = Debug|x86
		Release|x64 = Release|x64
		Release|x86 = Release|x86
	EndGlobalSection
	GlobalSection(ProjectConfigurationPlatforms) = postSolution
		{0881E8A2-D4C1-43A0-B991-1E975CD1B6BF}.Debug|x64.ActiveCfg = Debug|x64
		{0881E8A2-D4C1-43A0-B991-1E975CD1B6BF}.Debug|x64.Build.0 = Debug|x64
		{0881E8A2-D4C1-43A0-B991-1E975CD1B6BF}.Debug|x86.ActiveCfg = Debug|Win32
		{0881E8A2-D4C1-43A0-B991-1E975CD1B6BF}.Debug|x86.Build.0 = Debug|Win32
		{0881E8A2-D4C1-43A0-B991-1E975CD1B6BF}.Release|x64.ActiveCfg = Release|x64
		{0881E8A2-D4C1-43A0-B991-1E975CD1B6BF}.Release|x64.Build.0 = Release|x64
		{0881E8A2-D4C1-43A0-B991-1E975CD1B6BF}.Release|x86.ActiveCfg = Release|Win32
		{0881E8A2-D4C1-43A0-B991-1E975CD1B6BF}.Release|x86.Build.0 = Release|Win32
	EndGlobalSection
	GlobalSection(SolutionProperties) = preSolution
		HideSolutionNode = FALSE
	EndGlobalSection
	GlobalSection(ExtensibilityGlobals) = postSolution
		SolutionGuid = {7394381B-DE39-402D-9CD8-D3D7303809BA}
	EndGlobalSection
EndGlobal
