
Microsoft Visual Studio Solution File, Format Version 12.00
# Visual Studio Version 16
VisualStudioVersion = 16.0.31410.357
MinimumVisualStudioVersion = 10.0.40219.1
Project("{8BC9CEB8-8B4A-11D0-8D11-00A0C91BC942}") = "백준15552C", "백준15552C\백준15552C.vcxproj", "{3B836B21-3934-4151-A121-70859B99E5DA}"
EndProject
Global
	GlobalSection(SolutionConfigurationPlatforms) = preSolution
		Debug|x64 = Debug|x64
		Debug|x86 = Debug|x86
		Release|x64 = Release|x64
		Release|x86 = Release|x86
	EndGlobalSection
	GlobalSection(ProjectConfigurationPlatforms) = postSolution
		{3B836B21-3934-4151-A121-70859B99E5DA}.Debug|x64.ActiveCfg = Debug|x64
		{3B836B21-3934-4151-A121-70859B99E5DA}.Debug|x64.Build.0 = Debug|x64
		{3B836B21-3934-4151-A121-70859B99E5DA}.Debug|x86.ActiveCfg = Debug|Win32
		{3B836B21-3934-4151-A121-70859B99E5DA}.Debug|x86.Build.0 = Debug|Win32
		{3B836B21-3934-4151-A121-70859B99E5DA}.Release|x64.ActiveCfg = Release|x64
		{3B836B21-3934-4151-A121-70859B99E5DA}.Release|x64.Build.0 = Release|x64
		{3B836B21-3934-4151-A121-70859B99E5DA}.Release|x86.ActiveCfg = Release|Win32
		{3B836B21-3934-4151-A121-70859B99E5DA}.Release|x86.Build.0 = Release|Win32
	EndGlobalSection
	GlobalSection(SolutionProperties) = preSolution
		HideSolutionNode = FALSE
	EndGlobalSection
	GlobalSection(ExtensibilityGlobals) = postSolution
		SolutionGuid = {6CA1A7BA-FD39-49F9-8484-6F2401163047}
	EndGlobalSection
EndGlobal
